
Microsoft Visual Studio Solution File, Format Version 12.00
# Visual Studio Version 17
VisualStudioVersion = 17.14.36401.2 d17.14
MinimumVisualStudioVersion = 10.0.40219.1
Project("{FAE04EC0-301F-11D3-BF4B-00C04F79EFBC}") = "healthcareProject", "healthcareProject.csproj", "{C2136A7C-8B9C-EE1C-D2BA-46111B7EAFBF}"
EndProject
Global
	GlobalSection(SolutionConfigurationPlatforms) = preSolution
		Debug|Any CPU = Debug|Any CPU
		Release|Any CPU = Release|Any CPU
	EndGlobalSection
	GlobalSection(ProjectConfigurationPlatforms) = postSolution
		{C2136A7C-8B9C-EE1C-D2BA-46111B7EAFBF}.Debug|Any CPU.ActiveCfg = Debug|Any CPU
		{C2136A7C-8B9C-EE1C-D2BA-46111B7EAFBF}.Debug|Any CPU.Build.0 = Debug|Any CPU
		{C2136A7C-8B9C-EE1C-D2BA-46111B7EAFBF}.Release|Any CPU.ActiveCfg = Release|Any CPU
		{C2136A7C-8B9C-EE1C-D2BA-46111B7EAFBF}.Release|Any CPU.Build.0 = Release|Any CPU
	EndGlobalSection
	GlobalSection(SolutionProperties) = preSolution
		HideSolutionNode = FALSE
	EndGlobalSection
	GlobalSection(ExtensibilityGlobals) = postSolution
		SolutionGuid = {653153C9-C743-4578-986C-FCD109E0F491}
	EndGlobalSection
EndGlobal
